
Microsoft Visual Studio Solution File, Format Version 12.00
# Visual Studio Version 17
VisualStudioVersion = 17.0.32112.339
MinimumVisualStudioVersion = 10.0.40219.1
Project("{FAE04EC0-301F-11D3-BF4B-00C04F79EFBC}") = "TestProjectTsum2", "TestProjectTsum2\TestProjectTsum2.csproj", "{6D0878CA-4F10-448E-BCA6-4792E59DC494}"
EndProject
Project("{FAE04EC0-301F-11D3-BF4B-00C04F79EFBC}") = "ClassLibrary1", "ClassLibrary1\ClassLibrary1.csproj", "{E7012467-A85A-437C-B915-118E02A0E7D2}"
EndProject
Global
	GlobalSection(SolutionConfigurationPlatforms) = preSolution
		Debug|Any CPU = Debug|Any CPU
		Release|Any CPU = Release|Any CPU
	EndGlobalSection
	GlobalSection(ProjectConfigurationPlatforms) = postSolution
		{6D0878CA-4F10-448E-BCA6-4792E59DC494}.Debug|Any CPU.ActiveCfg = Debug|Any CPU
		{6D0878CA-4F10-448E-BCA6-4792E59DC494}.Debug|Any CPU.Build.0 = Debug|Any CPU
		{6D0878CA-4F10-448E-BCA6-4792E59DC494}.Release|Any CPU.ActiveCfg = Release|Any CPU
		{6D0878CA-4F10-448E-BCA6-4792E59DC494}.Release|Any CPU.Build.0 = Release|Any CPU
		{E7012467-A85A-437C-B915-118E02A0E7D2}.Debug|Any CPU.ActiveCfg = Debug|Any CPU
		{E7012467-A85A-437C-B915-118E02A0E7D2}.Debug|Any CPU.Build.0 = Debug|Any CPU
		{E7012467-A85A-437C-B915-118E02A0E7D2}.Release|Any CPU.ActiveCfg = Release|Any CPU
		{E7012467-A85A-437C-B915-118E02A0E7D2}.Release|Any CPU.Build.0 = Release|Any CPU
	EndGlobalSection
	GlobalSection(SolutionProperties) = preSolution
		HideSolutionNode = FALSE
	EndGlobalSection
	GlobalSection(ExtensibilityGlobals) = postSolution
		SolutionGuid = {1B2AA677-2E61-4E5B-BBD9-8F7065DC6456}
	EndGlobalSection
EndGlobal
